// !$*UTF8*$!
{
	archiveVersion = 1;
	classes = {
	};
	objectVersion = 55;
	objects = {

/* Begin PBXBuildFile section */
		1ECB5D79A1445E826A6C398B /* Pods_ThoughtTests.framework in Frameworks */ = {isa = PBXBuildFile; fileRef = 87D82B91566BF9DB4A5FBE92 /* Pods_ThoughtTests.framework */; };
		5907677228219CEF00BE2CD1 /* SignUpViewController.swift in Sources */ = {isa = PBXBuildFile; fileRef = 5907677128219CEF00BE2CD1 /* SignUpViewController.swift */; };
		592F7BD8282191290058DB37 /* GoogleService-Info.plist in Resources */ = {isa = PBXBuildFile; fileRef = 592F7BD7282191290058DB37 /* GoogleService-Info.plist */; };
		5968C8CE2821BDD20023E705 /* StringExtension.swift in Sources */ = {isa = PBXBuildFile; fileRef = 5968C8CD2821BDD20023E705 /* StringExtension.swift */; };
		5968C8D12821C43D0023E705 /* Constant.swift in Sources */ = {isa = PBXBuildFile; fileRef = 5968C8D02821C43D0023E705 /* Constant.swift */; };
		59C5F7DF2820763A0017E7A6 /* AppDelegate.swift in Sources */ = {isa = PBXBuildFile; fileRef = 59C5F7DE2820763A0017E7A6 /* AppDelegate.swift */; };
		59C5F7E12820763A0017E7A6 /* SceneDelegate.swift in Sources */ = {isa = PBXBuildFile; fileRef = 59C5F7E02820763A0017E7A6 /* SceneDelegate.swift */; };
		59C5F7E32820763A0017E7A6 /* SignInViewController.swift in Sources */ = {isa = PBXBuildFile; fileRef = 59C5F7E22820763A0017E7A6 /* SignInViewController.swift */; };
		59C5F7E62820763A0017E7A6 /* Main.storyboard in Resources */ = {isa = PBXBuildFile; fileRef = 59C5F7E42820763A0017E7A6 /* Main.storyboard */; };
		59C5F7E92820763A0017E7A6 /* Thought.xcdatamodeld in Sources */ = {isa = PBXBuildFile; fileRef = 59C5F7E72820763A0017E7A6 /* Thought.xcdatamodeld */; };
		59C5F7EB2820763B0017E7A6 /* Assets.xcassets in Resources */ = {isa = PBXBuildFile; fileRef = 59C5F7EA2820763B0017E7A6 /* Assets.xcassets */; };
		59C5F7EE2820763B0017E7A6 /* LaunchScreen.storyboard in Resources */ = {isa = PBXBuildFile; fileRef = 59C5F7EC2820763B0017E7A6 /* LaunchScreen.storyboard */; };
		59C5F7F92820763C0017E7A6 /* ThoughtTests.swift in Sources */ = {isa = PBXBuildFile; fileRef = 59C5F7F82820763C0017E7A6 /* ThoughtTests.swift */; };
		59C5F8032820763C0017E7A6 /* ThoughtUITests.swift in Sources */ = {isa = PBXBuildFile; fileRef = 59C5F8022820763C0017E7A6 /* ThoughtUITests.swift */; };
		59C5F8052820763C0017E7A6 /* ThoughtUITestsLaunchTests.swift in Sources */ = {isa = PBXBuildFile; fileRef = 59C5F8042820763C0017E7A6 /* ThoughtUITestsLaunchTests.swift */; };
		59CBED3A284FD4BA00ACB20A /* TabBarVC.swift in Sources */ = {isa = PBXBuildFile; fileRef = 59CBED39284FD4BA00ACB20A /* TabBarVC.swift */; };
		59CBED3C285105FA00ACB20A /* SettingsViewController.swift in Sources */ = {isa = PBXBuildFile; fileRef = 59CBED3B285105FA00ACB20A /* SettingsViewController.swift */; };
		59CBED3E2851275B00ACB20A /* TabBar.xcassets in Resources */ = {isa = PBXBuildFile; fileRef = 59CBED3D2851275B00ACB20A /* TabBar.xcassets */; };
		59D8DBC52825850900C531D0 /* Screens.storyboard in Resources */ = {isa = PBXBuildFile; fileRef = 59D8DBC42825850900C531D0 /* Screens.storyboard */; };
		59D8DBC72825852600C531D0 /* HomeViewController.swift in Sources */ = {isa = PBXBuildFile; fileRef = 59D8DBC62825852600C531D0 /* HomeViewController.swift */; };
		59D8DBCA2825DCFD00C531D0 /* Quicksand in Resources */ = {isa = PBXBuildFile; fileRef = 59D8DBC92825DCFD00C531D0 /* Quicksand */; };
		959C5AA41897BC6B07594E92 /* Pods_Thought_ThoughtUITests.framework in Frameworks */ = {isa = PBXBuildFile; fileRef = 51CD47584B036DB9951FE7BB /* Pods_Thought_ThoughtUITests.framework */; };
		FEA1A34042FE6F856B485A17 /* Pods_Thought.framework in Frameworks */ = {isa = PBXBuildFile; fileRef = 69431F8C7EF0FAAF2E92347F /* Pods_Thought.framework */; };
/* End PBXBuildFile section */

/* Begin PBXContainerItemProxy section */
		59C5F7F52820763C0017E7A6 /* PBXContainerItemProxy */ = {
			isa = PBXContainerItemProxy;
			containerPortal = 59C5F7D32820763A0017E7A6 /* Project object */;
			proxyType = 1;
			remoteGlobalIDString = 59C5F7DA2820763A0017E7A6;
			remoteInfo = Thought;
		};
		59C5F7FF2820763C0017E7A6 /* PBXContainerItemProxy */ = {
			isa = PBXContainerItemProxy;
			containerPortal = 59C5F7D32820763A0017E7A6 /* Project object */;
			proxyType = 1;
			remoteGlobalIDString = 59C5F7DA2820763A0017E7A6;
			remoteInfo = Thought;
		};
/* End PBXContainerItemProxy section */

/* Begin PBXFileReference section */
		51CD47584B036DB9951FE7BB /* Pods_Thought_ThoughtUITests.framework */ = {isa = PBXFileReference; explicitFileType = wrapper.framework; includeInIndex = 0; path = Pods_Thought_ThoughtUITests.framework; sourceTree = BUILT_PRODUCTS_DIR; };
		55A30BF59F0340C8608CB3EE /* Pods-ThoughtTests.release.xcconfig */ = {isa = PBXFileReference; includeInIndex = 1; lastKnownFileType = text.xcconfig; name = "Pods-ThoughtTests.release.xcconfig"; path = "Target Support Files/Pods-ThoughtTests/Pods-ThoughtTests.release.xcconfig"; sourceTree = "<group>"; };
		5907677128219CEF00BE2CD1 /* SignUpViewController.swift */ = {isa = PBXFileReference; lastKnownFileType = sourcecode.swift; path = SignUpViewController.swift; sourceTree = "<group>"; };
		592F7BD7282191290058DB37 /* GoogleService-Info.plist */ = {isa = PBXFileReference; fileEncoding = 4; lastKnownFileType = text.plist.xml; path = "GoogleService-Info.plist"; sourceTree = "<group>"; };
		5968C8CD2821BDD20023E705 /* StringExtension.swift */ = {isa = PBXFileReference; lastKnownFileType = sourcecode.swift; path = StringExtension.swift; sourceTree = "<group>"; };
		5968C8D02821C43D0023E705 /* Constant.swift */ = {isa = PBXFileReference; lastKnownFileType = sourcecode.swift; path = Constant.swift; sourceTree = "<group>"; };
		59C5F7DB2820763A0017E7A6 /* Thought.app */ = {isa = PBXFileReference; explicitFileType = wrapper.application; includeInIndex = 0; path = Thought.app; sourceTree = BUILT_PRODUCTS_DIR; };
		59C5F7DE2820763A0017E7A6 /* AppDelegate.swift */ = {isa = PBXFileReference; lastKnownFileType = sourcecode.swift; path = AppDelegate.swift; sourceTree = "<group>"; };
		59C5F7E02820763A0017E7A6 /* SceneDelegate.swift */ = {isa = PBXFileReference; lastKnownFileType = sourcecode.swift; path = SceneDelegate.swift; sourceTree = "<group>"; };
		59C5F7E22820763A0017E7A6 /* SignInViewController.swift */ = {isa = PBXFileReference; lastKnownFileType = sourcecode.swift; path = SignInViewController.swift; sourceTree = "<group>"; };
		59C5F7E52820763A0017E7A6 /* Base */ = {isa = PBXFileReference; lastKnownFileType = file.storyboard; name = Base; path = Base.lproj/Main.storyboard; sourceTree = "<group>"; };
		59C5F7E82820763A0017E7A6 /* Thought.xcdatamodel */ = {isa = PBXFileReference; lastKnownFileType = wrapper.xcdatamodel; path = Thought.xcdatamodel; sourceTree = "<group>"; };
		59C5F7EA2820763B0017E7A6 /* Assets.xcassets */ = {isa = PBXFileReference; lastKnownFileType = folder.assetcatalog; path = Assets.xcassets; sourceTree = "<group>"; };
		59C5F7ED2820763B0017E7A6 /* Base */ = {isa = PBXFileReference; lastKnownFileType = file.storyboard; name = Base; path = Base.lproj/LaunchScreen.storyboard; sourceTree = "<group>"; };
		59C5F7EF2820763B0017E7A6 /* Info.plist */ = {isa = PBXFileReference; lastKnownFileType = text.plist.xml; path = Info.plist; sourceTree = "<group>"; };
		59C5F7F42820763C0017E7A6 /* ThoughtTests.xctest */ = {isa = PBXFileReference; explicitFileType = wrapper.cfbundle; includeInIndex = 0; path = ThoughtTests.xctest; sourceTree = BUILT_PRODUCTS_DIR; };
		59C5F7F82820763C0017E7A6 /* ThoughtTests.swift */ = {isa = PBXFileReference; lastKnownFileType = sourcecode.swift; path = ThoughtTests.swift; sourceTree = "<group>"; };
		59C5F7FE2820763C0017E7A6 /* ThoughtUITests.xctest */ = {isa = PBXFileReference; explicitFileType = wrapper.cfbundle; includeInIndex = 0; path = ThoughtUITests.xctest; sourceTree = BUILT_PRODUCTS_DIR; };
		59C5F8022820763C0017E7A6 /* ThoughtUITests.swift */ = {isa = PBXFileReference; lastKnownFileType = sourcecode.swift; path = ThoughtUITests.swift; sourceTree = "<group>"; };
		59C5F8042820763C0017E7A6 /* ThoughtUITestsLaunchTests.swift */ = {isa = PBXFileReference; lastKnownFileType = sourcecode.swift; path = ThoughtUITestsLaunchTests.swift; sourceTree = "<group>"; };
		59CBED39284FD4BA00ACB20A /* TabBarVC.swift */ = {isa = PBXFileReference; lastKnownFileType = sourcecode.swift; path = TabBarVC.swift; sourceTree = "<group>"; };
		59CBED3B285105FA00ACB20A /* SettingsViewController.swift */ = {isa = PBXFileReference; lastKnownFileType = sourcecode.swift; path = SettingsViewController.swift; sourceTree = "<group>"; };
		59CBED3D2851275B00ACB20A /* TabBar.xcassets */ = {isa = PBXFileReference; lastKnownFileType = folder.assetcatalog; path = TabBar.xcassets; sourceTree = "<group>"; };
		59D8DBC42825850900C531D0 /* Screens.storyboard */ = {isa = PBXFileReference; lastKnownFileType = file.storyboard; path = Screens.storyboard; sourceTree = "<group>"; };
		59D8DBC62825852600C531D0 /* HomeViewController.swift */ = {isa = PBXFileReference; lastKnownFileType = sourcecode.swift; path = HomeViewController.swift; sourceTree = "<group>"; };
		59D8DBC92825DCFD00C531D0 /* Quicksand */ = {isa = PBXFileReference; lastKnownFileType = folder; path = Quicksand; sourceTree = "<group>"; };
		69431F8C7EF0FAAF2E92347F /* Pods_Thought.framework */ = {isa = PBXFileReference; explicitFileType = wrapper.framework; includeInIndex = 0; path = Pods_Thought.framework; sourceTree = BUILT_PRODUCTS_DIR; };
		7A0AE1D9648B5D499ABBD671 /* Pods-Thought-ThoughtUITests.debug.xcconfig */ = {isa = PBXFileReference; includeInIndex = 1; lastKnownFileType = text.xcconfig; name = "Pods-Thought-ThoughtUITests.debug.xcconfig"; path = "Target Support Files/Pods-Thought-ThoughtUITests/Pods-Thought-ThoughtUITests.debug.xcconfig"; sourceTree = "<group>"; };
		87D82B91566BF9DB4A5FBE92 /* Pods_ThoughtTests.framework */ = {isa = PBXFileReference; explicitFileType = wrapper.framework; includeInIndex = 0; path = Pods_ThoughtTests.framework; sourceTree = BUILT_PRODUCTS_DIR; };
		8DA59FD8EF817813F251583A /* Pods-ThoughtTests.debug.xcconfig */ = {isa = PBXFileReference; includeInIndex = 1; lastKnownFileType = text.xcconfig; name = "Pods-ThoughtTests.debug.xcconfig"; path = "Target Support Files/Pods-ThoughtTests/Pods-ThoughtTests.debug.xcconfig"; sourceTree = "<group>"; };
		B065F4B6AAC95DE23A0EED63 /* Pods-Thought-ThoughtUITests.release.xcconfig */ = {isa = PBXFileReference; includeInIndex = 1; lastKnownFileType = text.xcconfig; name = "Pods-Thought-ThoughtUITests.release.xcconfig"; path = "Target Support Files/Pods-Thought-ThoughtUITests/Pods-Thought-ThoughtUITests.release.xcconfig"; sourceTree = "<group>"; };
		D842D8650156D2C6F61A5D23 /* Pods-Thought.release.xcconfig */ = {isa = PBXFileReference; includeInIndex = 1; lastKnownFileType = text.xcconfig; name = "Pods-Thought.release.xcconfig"; path = "Target Support Files/Pods-Thought/Pods-Thought.release.xcconfig"; sourceTree = "<group>"; };
		DFFC024D267E1C836E16EC69 /* Pods-Thought.debug.xcconfig */ = {isa = PBXFileReference; includeInIndex = 1; lastKnownFileType = text.xcconfig; name = "Pods-Thought.debug.xcconfig"; path = "Target Support Files/Pods-Thought/Pods-Thought.debug.xcconfig"; sourceTree = "<group>"; };
/* End PBXFileReference section */

/* Begin PBXFrameworksBuildPhase section */
		59C5F7D82820763A0017E7A6 /* Frameworks */ = {
			isa = PBXFrameworksBuildPhase;
			buildActionMask = 2147483647;
			files = (
				FEA1A34042FE6F856B485A17 /* Pods_Thought.framework in Frameworks */,
			);
			runOnlyForDeploymentPostprocessing = 0;
		};
		59C5F7F12820763C0017E7A6 /* Frameworks */ = {
			isa = PBXFrameworksBuildPhase;
			buildActionMask = 2147483647;
			files = (
				1ECB5D79A1445E826A6C398B /* Pods_ThoughtTests.framework in Frameworks */,
			);
			runOnlyForDeploymentPostprocessing = 0;
		};
		59C5F7FB2820763C0017E7A6 /* Frameworks */ = {
			isa = PBXFrameworksBuildPhase;
			buildActionMask = 2147483647;
			files = (
				959C5AA41897BC6B07594E92 /* Pods_Thought_ThoughtUITests.framework in Frameworks */,
			);
			runOnlyForDeploymentPostprocessing = 0;
		};
/* End PBXFrameworksBuildPhase section */

/* Begin PBXGroup section */
		03BE23E900156D9CE4ED5D4B /* Frameworks */ = {
			isa = PBXGroup;
			children = (
				69431F8C7EF0FAAF2E92347F /* Pods_Thought.framework */,
				51CD47584B036DB9951FE7BB /* Pods_Thought_ThoughtUITests.framework */,
				87D82B91566BF9DB4A5FBE92 /* Pods_ThoughtTests.framework */,
			);
			name = Frameworks;
			sourceTree = "<group>";
		};
		590767732821A06F00BE2CD1 /* ViewControllers */ = {
			isa = PBXGroup;
			children = (
				59C5F7E22820763A0017E7A6 /* SignInViewController.swift */,
				5907677128219CEF00BE2CD1 /* SignUpViewController.swift */,
				59D8DBC62825852600C531D0 /* HomeViewController.swift */,
				59CBED39284FD4BA00ACB20A /* TabBarVC.swift */,
				59CBED3B285105FA00ACB20A /* SettingsViewController.swift */,
			);
			path = ViewControllers;
			sourceTree = "<group>";
		};
		590767742821A0A400BE2CD1 /* Storyboards */ = {
			isa = PBXGroup;
			children = (
				59C5F7EC2820763B0017E7A6 /* LaunchScreen.storyboard */,
				59C5F7E42820763A0017E7A6 /* Main.storyboard */,
				59D8DBC42825850900C531D0 /* Screens.storyboard */,
			);
			path = Storyboards;
			sourceTree = "<group>";
		};
		5968C8CB2821BD900023E705 /* OtherClasses */ = {
			isa = PBXGroup;
			children = (
				5968C8CF2821C41E0023E705 /* General */,
				5968C8CC2821BDAB0023E705 /* Extension */,
			);
			path = OtherClasses;
			sourceTree = "<group>";
		};
		5968C8CC2821BDAB0023E705 /* Extension */ = {
			isa = PBXGroup;
			children = (
				5968C8CD2821BDD20023E705 /* StringExtension.swift */,
			);
			path = Extension;
			sourceTree = "<group>";
		};
		5968C8CF2821C41E0023E705 /* General */ = {
			isa = PBXGroup;
			children = (
				5968C8D02821C43D0023E705 /* Constant.swift */,
			);
			path = General;
			sourceTree = "<group>";
		};
		59C5F7D22820763A0017E7A6 = {
			isa = PBXGroup;
			children = (
				59C5F7DD2820763A0017E7A6 /* Thought */,
				59C5F7F72820763C0017E7A6 /* ThoughtTests */,
				59C5F8012820763C0017E7A6 /* ThoughtUITests */,
				59C5F7DC2820763A0017E7A6 /* Products */,
				F7846F559F7584BA788D3146 /* Pods */,
				03BE23E900156D9CE4ED5D4B /* Frameworks */,
			);
			sourceTree = "<group>";
		};
		59C5F7DC2820763A0017E7A6 /* Products */ = {
			isa = PBXGroup;
			children = (
				59C5F7DB2820763A0017E7A6 /* Thought.app */,
				59C5F7F42820763C0017E7A6 /* ThoughtTests.xctest */,
				59C5F7FE2820763C0017E7A6 /* ThoughtUITests.xctest */,
			);
			name = Products;
			sourceTree = "<group>";
		};
		59C5F7DD2820763A0017E7A6 /* Thought */ = {
			isa = PBXGroup;
			children = (
				59C5F7DE2820763A0017E7A6 /* AppDelegate.swift */,
				59C5F7E02820763A0017E7A6 /* SceneDelegate.swift */,
				5968C8CB2821BD900023E705 /* OtherClasses */,
				590767742821A0A400BE2CD1 /* Storyboards */,
				590767732821A06F00BE2CD1 /* ViewControllers */,
				59D8DBC82825DCE900C531D0 /* Fonts */,
				59CBED3F285127AD00ACB20A /* Assets */,
				59C5F7EF2820763B0017E7A6 /* Info.plist */,
				59C5F7E72820763A0017E7A6 /* Thought.xcdatamodeld */,
				592F7BD7282191290058DB37 /* GoogleService-Info.plist */,
			);
			path = Thought;
			sourceTree = "<group>";
		};
		59C5F7F72820763C0017E7A6 /* ThoughtTests */ = {
			isa = PBXGroup;
			children = (
				59C5F7F82820763C0017E7A6 /* ThoughtTests.swift */,
			);
			path = ThoughtTests;
			sourceTree = "<group>";
		};
		59C5F8012820763C0017E7A6 /* ThoughtUITests */ = {
			isa = PBXGroup;
			children = (
				59C5F8022820763C0017E7A6 /* ThoughtUITests.swift */,
				59C5F8042820763C0017E7A6 /* ThoughtUITestsLaunchTests.swift */,
			);
			path = ThoughtUITests;
			sourceTree = "<group>";
		};
		59CBED3F285127AD00ACB20A /* Assets */ = {
			isa = PBXGroup;
			children = (
				59C5F7EA2820763B0017E7A6 /* Assets.xcassets */,
				59CBED3D2851275B00ACB20A /* TabBar.xcassets */,
			);
			path = Assets;
			sourceTree = "<group>";
		};
		59D8DBC82825DCE900C531D0 /* Fonts */ = {
			isa = PBXGroup;
			children = (
				59D8DBC92825DCFD00C531D0 /* Quicksand */,
			);
			path = Fonts;
			sourceTree = "<group>";
		};
		F7846F559F7584BA788D3146 /* Pods */ = {
			isa = PBXGroup;
			children = (
				DFFC024D267E1C836E16EC69 /* Pods-Thought.debug.xcconfig */,
				D842D8650156D2C6F61A5D23 /* Pods-Thought.release.xcconfig */,
				7A0AE1D9648B5D499ABBD671 /* Pods-Thought-ThoughtUITests.debug.xcconfig */,
				B065F4B6AAC95DE23A0EED63 /* Pods-Thought-ThoughtUITests.release.xcconfig */,
				8DA59FD8EF817813F251583A /* Pods-ThoughtTests.debug.xcconfig */,
				55A30BF59F0340C8608CB3EE /* Pods-ThoughtTests.release.xcconfig */,
			);
			path = Pods;
			sourceTree = "<group>";
		};
/* End PBXGroup section */

/* Begin PBXNativeTarget section */
		59C5F7DA2820763A0017E7A6 /* Thought */ = {
			isa = PBXNativeTarget;
			buildConfigurationList = 59C5F8082820763C0017E7A6 /* Build configuration list for PBXNativeTarget "Thought" */;
			buildPhases = (
				C967BE3D462AF14669C8268E /* [CP] Check Pods Manifest.lock */,
				59C5F7D72820763A0017E7A6 /* Sources */,
				59C5F7D82820763A0017E7A6 /* Frameworks */,
				59C5F7D92820763A0017E7A6 /* Resources */,
				21CF734CC26CA8974A6B0DEA /* [CP] Embed Pods Frameworks */,
			);
			buildRules = (
			);
			dependencies = (
			);
			name = Thought;
			productName = Thought;
			productReference = 59C5F7DB2820763A0017E7A6 /* Thought.app */;
			productType = "com.apple.product-type.application";
		};
		59C5F7F32820763C0017E7A6 /* ThoughtTests */ = {
			isa = PBXNativeTarget;
			buildConfigurationList = 59C5F80B2820763C0017E7A6 /* Build configuration list for PBXNativeTarget "ThoughtTests" */;
			buildPhases = (
				C51000BC5A11048B400DBD1B /* [CP] Check Pods Manifest.lock */,
				59C5F7F02820763C0017E7A6 /* Sources */,
				59C5F7F12820763C0017E7A6 /* Frameworks */,
				59C5F7F22820763C0017E7A6 /* Resources */,
			);
			buildRules = (
			);
			dependencies = (
				59C5F7F62820763C0017E7A6 /* PBXTargetDependency */,
			);
			name = ThoughtTests;
			productName = ThoughtTests;
			productReference = 59C5F7F42820763C0017E7A6 /* ThoughtTests.xctest */;
			productType = "com.apple.product-type.bundle.unit-test";
		};
		59C5F7FD2820763C0017E7A6 /* ThoughtUITests */ = {
			isa = PBXNativeTarget;
			buildConfigurationList = 59C5F80E2820763C0017E7A6 /* Build configuration list for PBXNativeTarget "ThoughtUITests" */;
			buildPhases = (
				6F8478F457FB62D624DD3E53 /* [CP] Check Pods Manifest.lock */,
				59C5F7FA2820763C0017E7A6 /* Sources */,
				59C5F7FB2820763C0017E7A6 /* Frameworks */,
				59C5F7FC2820763C0017E7A6 /* Resources */,
				BB8E37C6AA23710CA25D5A42 /* [CP] Embed Pods Frameworks */,
			);
			buildRules = (
			);
			dependencies = (
				59C5F8002820763C0017E7A6 /* PBXTargetDependency */,
			);
			name = ThoughtUITests;
			productName = ThoughtUITests;
			productReference = 59C5F7FE2820763C0017E7A6 /* ThoughtUITests.xctest */;
			productType = "com.apple.product-type.bundle.ui-testing";
		};
/* End PBXNativeTarget section */

/* Begin PBXProject section */
		59C5F7D32820763A0017E7A6 /* Project object */ = {
			isa = PBXProject;
			attributes = {
				BuildIndependentTargetsInParallel = 1;
				LastSwiftUpdateCheck = 1330;
				LastUpgradeCheck = 1330;
				TargetAttributes = {
					59C5F7DA2820763A0017E7A6 = {
						CreatedOnToolsVersion = 13.3.1;
					};
					59C5F7F32820763C0017E7A6 = {
						CreatedOnToolsVersion = 13.3.1;
						TestTargetID = 59C5F7DA2820763A0017E7A6;
					};
					59C5F7FD2820763C0017E7A6 = {
						CreatedOnToolsVersion = 13.3.1;
						TestTargetID = 59C5F7DA2820763A0017E7A6;
					};
				};
			};
			buildConfigurationList = 59C5F7D62820763A0017E7A6 /* Build configuration list for PBXProject "Thought" */;
			compatibilityVersion = "Xcode 13.0";
			developmentRegion = en;
			hasScannedForEncodings = 0;
			knownRegions = (
				en,
				Base,
			);
			mainGroup = 59C5F7D22820763A0017E7A6;
			productRefGroup = 59C5F7DC2820763A0017E7A6 /* Products */;
			projectDirPath = "";
			projectRoot = "";
			targets = (
				59C5F7DA2820763A0017E7A6 /* Thought */,
				59C5F7F32820763C0017E7A6 /* ThoughtTests */,
				59C5F7FD2820763C0017E7A6 /* ThoughtUITests */,
			);
		};
/* End PBXProject section */

/* Begin PBXResourcesBuildPhase section */
		59C5F7D92820763A0017E7A6 /* Resources */ = {
			isa = PBXResourcesBuildPhase;
			buildActionMask = 2147483647;
			files = (
				59D8DBCA2825DCFD00C531D0 /* Quicksand in Resources */,
				59C5F7EE2820763B0017E7A6 /* LaunchScreen.storyboard in Resources */,
				59D8DBC52825850900C531D0 /* Screens.storyboard in Resources */,
				592F7BD8282191290058DB37 /* GoogleService-Info.plist in Resources */,
				59C5F7EB2820763B0017E7A6 /* Assets.xcassets in Resources */,
				59C5F7E62820763A0017E7A6 /* Main.storyboard in Resources */,
				59CBED3E2851275B00ACB20A /* TabBar.xcassets in Resources */,
			);
			runOnlyForDeploymentPostprocessing = 0;
		};
		59C5F7F22820763C0017E7A6 /* Resources */ = {
			isa = PBXResourcesBuildPhase;
			buildActionMask = 2147483647;
			files = (
			);
			runOnlyForDeploymentPostprocessing = 0;
		};
		59C5F7FC2820763C0017E7A6 /* Resources */ = {
			isa = PBXResourcesBuildPhase;
			buildActionMask = 2147483647;
			files = (
			);
			runOnlyForDeploymentPostprocessing = 0;
		};
/* End PBXResourcesBuildPhase section */

/* Begin PBXShellScriptBuildPhase section */
		21CF734CC26CA8974A6B0DEA /* [CP] Embed Pods Frameworks */ = {
			isa = PBXShellScriptBuildPhase;
			buildActionMask = 2147483647;
			files = (
			);
			inputFileListPaths = (
				"${PODS_ROOT}/Target Support Files/Pods-Thought/Pods-Thought-frameworks-${CONFIGURATION}-input-files.xcfilelist",
			);
			name = "[CP] Embed Pods Frameworks";
			outputFileListPaths = (
				"${PODS_ROOT}/Target Support Files/Pods-Thought/Pods-Thought-frameworks-${CONFIGURATION}-output-files.xcfilelist",
			);
			runOnlyForDeploymentPostprocessing = 0;
			shellPath = /bin/sh;
			shellScript = "\"${PODS_ROOT}/Target Support Files/Pods-Thought/Pods-Thought-frameworks.sh\"\n";
			showEnvVarsInLog = 0;
		};
		6F8478F457FB62D624DD3E53 /* [CP] Check Pods Manifest.lock */ = {
			isa = PBXShellScriptBuildPhase;
			buildActionMask = 2147483647;
			files = (
			);
			inputFileListPaths = (
			);
			inputPaths = (
				"${PODS_PODFILE_DIR_PATH}/Podfile.lock",
				"${PODS_ROOT}/Manifest.lock",
			);
			name = "[CP] Check Pods Manifest.lock";
			outputFileListPaths = (
			);
			outputPaths = (
				"$(DERIVED_FILE_DIR)/Pods-Thought-ThoughtUITests-checkManifestLockResult.txt",
			);
			runOnlyForDeploymentPostprocessing = 0;
			shellPath = /bin/sh;
			shellScript = "diff \"${PODS_PODFILE_DIR_PATH}/Podfile.lock\" \"${PODS_ROOT}/Manifest.lock\" > /dev/null\nif [ $? != 0 ] ; then\n    # print error to STDERR\n    echo \"error: The sandbox is not in sync with the Podfile.lock. Run 'pod install' or update your CocoaPods installation.\" >&2\n    exit 1\nfi\n# This output is used by Xcode 'outputs' to avoid re-running this script phase.\necho \"SUCCESS\" > \"${SCRIPT_OUTPUT_FILE_0}\"\n";
			showEnvVarsInLog = 0;
		};
		BB8E37C6AA23710CA25D5A42 /* [CP] Embed Pods Frameworks */ = {
			isa = PBXShellScriptBuildPhase;
			buildActionMask = 2147483647;
			files = (
			);
			inputFileListPaths = (
				"${PODS_ROOT}/Target Support Files/Pods-Thought-ThoughtUITests/Pods-Thought-ThoughtUITests-frameworks-${CONFIGURATION}-input-files.xcfilelist",
			);
			name = "[CP] Embed Pods Frameworks";
			outputFileListPaths = (
				"${PODS_ROOT}/Target Support Files/Pods-Thought-ThoughtUITests/Pods-Thought-ThoughtUITests-frameworks-${CONFIGURATION}-output-files.xcfilelist",
			);
			runOnlyForDeploymentPostprocessing = 0;
			shellPath = /bin/sh;
			shellScript = "\"${PODS_ROOT}/Target Support Files/Pods-Thought-ThoughtUITests/Pods-Thought-ThoughtUITests-frameworks.sh\"\n";
			showEnvVarsInLog = 0;
		};
		C51000BC5A11048B400DBD1B /* [CP] Check Pods Manifest.lock */ = {
			isa = PBXShellScriptBuildPhase;
			buildActionMask = 2147483647;
			files = (
			);
			inputFileListPaths = (
			);
			inputPaths = (
				"${PODS_PODFILE_DIR_PATH}/Podfile.lock",
				"${PODS_ROOT}/Manifest.lock",
			);
			name = "[CP] Check Pods Manifest.lock";
			outputFileListPaths = (
			);
			outputPaths = (
				"$(DERIVED_FILE_DIR)/Pods-ThoughtTests-checkManifestLockResult.txt",
			);
			runOnlyForDeploymentPostprocessing = 0;
			shellPath = /bin/sh;
			shellScript = "diff \"${PODS_PODFILE_DIR_PATH}/Podfile.lock\" \"${PODS_ROOT}/Manifest.lock\" > /dev/null\nif [ $? != 0 ] ; then\n    # print error to STDERR\n    echo \"error: The sandbox is not in sync with the Podfile.lock. Run 'pod install' or update your CocoaPods installation.\" >&2\n    exit 1\nfi\n# This output is used by Xcode 'outputs' to avoid re-running this script phase.\necho \"SUCCESS\" > \"${SCRIPT_OUTPUT_FILE_0}\"\n";
			showEnvVarsInLog = 0;
		};
		C967BE3D462AF14669C8268E /* [CP] Check Pods Manifest.lock */ = {
			isa = PBXShellScriptBuildPhase;
			buildActionMask = 2147483647;
			files = (
			);
			inputFileListPaths = (
			);
			inputPaths = (
				"${PODS_PODFILE_DIR_PATH}/Podfile.lock",
				"${PODS_ROOT}/Manifest.lock",
			);
			name = "[CP] Check Pods Manifest.lock";
			outputFileListPaths = (
			);
			outputPaths = (
				"$(DERIVED_FILE_DIR)/Pods-Thought-checkManifestLockResult.txt",
			);
			runOnlyForDeploymentPostprocessing = 0;
			shellPath = /bin/sh;
			shellScript = "diff \"${PODS_PODFILE_DIR_PATH}/Podfile.lock\" \"${PODS_ROOT}/Manifest.lock\" > /dev/null\nif [ $? != 0 ] ; then\n    # print error to STDERR\n    echo \"error: The sandbox is not in sync with the Podfile.lock. Run 'pod install' or update your CocoaPods installation.\" >&2\n    exit 1\nfi\n# This output is used by Xcode 'outputs' to avoid re-running this script phase.\necho \"SUCCESS\" > \"${SCRIPT_OUTPUT_FILE_0}\"\n";
			showEnvVarsInLog = 0;
		};
/* End PBXShellScriptBuildPhase section */

/* Begin PBXSourcesBuildPhase section */
		59C5F7D72820763A0017E7A6 /* Sources */ = {
			isa = PBXSourcesBuildPhase;
			buildActionMask = 2147483647;
			files = (
				5968C8D12821C43D0023E705 /* Constant.swift in Sources */,
				59C5F7E32820763A0017E7A6 /* SignInViewController.swift in Sources */,
				59C5F7DF2820763A0017E7A6 /* AppDelegate.swift in Sources */,
				59CBED3C285105FA00ACB20A /* SettingsViewController.swift in Sources */,
				59D8DBC72825852600C531D0 /* HomeViewController.swift in Sources */,
				59CBED3A284FD4BA00ACB20A /* TabBarVC.swift in Sources */,
				5968C8CE2821BDD20023E705 /* StringExtension.swift in Sources */,
				59C5F7E12820763A0017E7A6 /* SceneDelegate.swift in Sources */,
				59C5F7E92820763A0017E7A6 /* Thought.xcdatamodeld in Sources */,
				5907677228219CEF00BE2CD1 /* SignUpViewController.swift in Sources */,
			);
			runOnlyForDeploymentPostprocessing = 0;
		};
		59C5F7F02820763C0017E7A6 /* Sources */ = {
			isa = PBXSourcesBuildPhase;
			buildActionMask = 2147483647;
			files = (
				59C5F7F92820763C0017E7A6 /* ThoughtTests.swift in Sources */,
			);
			runOnlyForDeploymentPostprocessing = 0;
		};
		59C5F7FA2820763C0017E7A6 /* Sources */ = {
			isa = PBXSourcesBuildPhase;
			buildActionMask = 2147483647;
			files = (
				59C5F8052820763C0017E7A6 /* ThoughtUITestsLaunchTests.swift in Sources */,
				59C5F8032820763C0017E7A6 /* ThoughtUITests.swift in Sources */,
			);
			runOnlyForDeploymentPostprocessing = 0;
		};
/* End PBXSourcesBuildPhase section */

/* Begin PBXTargetDependency section */
		59C5F7F62820763C0017E7A6 /* PBXTargetDependency */ = {
			isa = PBXTargetDependency;
			target = 59C5F7DA2820763A0017E7A6 /* Thought */;
			targetProxy = 59C5F7F52820763C0017E7A6 /* PBXContainerItemProxy */;
		};
		59C5F8002820763C0017E7A6 /* PBXTargetDependency */ = {
			isa = PBXTargetDependency;
			target = 59C5F7DA2820763A0017E7A6 /* Thought */;
			targetProxy = 59C5F7FF2820763C0017E7A6 /* PBXContainerItemProxy */;
		};
/* End PBXTargetDependency section */

/* Begin PBXVariantGroup section */
		59C5F7E42820763A0017E7A6 /* Main.storyboard */ = {
			isa = PBXVariantGroup;
			children = (
				59C5F7E52820763A0017E7A6 /* Base */,
			);
			name = Main.storyboard;
			sourceTree = "<group>";
		};
		59C5F7EC2820763B0017E7A6 /* LaunchScreen.storyboard */ = {
			isa = PBXVariantGroup;
			children = (
				59C5F7ED2820763B0017E7A6 /* Base */,
			);
			name = LaunchScreen.storyboard;
			sourceTree = "<group>";
		};
/* End PBXVariantGroup section */

/* Begin XCBuildConfiguration section */
		59C5F8062820763C0017E7A6 /* Debug */ = {
			isa = XCBuildConfiguration;
			buildSettings = {
				ALWAYS_SEARCH_USER_PATHS = NO;
				CLANG_ANALYZER_NONNULL = YES;
				CLANG_ANALYZER_NUMBER_OBJECT_CONVERSION = YES_AGGRESSIVE;
				CLANG_CXX_LANGUAGE_STANDARD = "gnu++17";
				CLANG_ENABLE_MODULES = YES;
				CLANG_ENABLE_OBJC_ARC = YES;
				CLANG_ENABLE_OBJC_WEAK = YES;
				CLANG_WARN_BLOCK_CAPTURE_AUTORELEASING = YES;
				CLANG_WARN_BOOL_CONVERSION = YES;
				CLANG_WARN_COMMA = YES;
				CLANG_WARN_CONSTANT_CONVERSION = YES;
				CLANG_WARN_DEPRECATED_OBJC_IMPLEMENTATIONS = YES;
				CLANG_WARN_DIRECT_OBJC_ISA_USAGE = YES_ERROR;
				CLANG_WARN_DOCUMENTATION_COMMENTS = YES;
				CLANG_WARN_EMPTY_BODY = YES;
				CLANG_WARN_ENUM_CONVERSION = YES;
				CLANG_WARN_INFINITE_RECURSION = YES;
				CLANG_WARN_INT_CONVERSION = YES;
				CLANG_WARN_NON_LITERAL_NULL_CONVERSION = YES;
				CLANG_WARN_OBJC_IMPLICIT_RETAIN_SELF = YES;
				CLANG_WARN_OBJC_LITERAL_CONVERSION = YES;
				CLANG_WARN_OBJC_ROOT_CLASS = YES_ERROR;
				CLANG_WARN_QUOTED_INCLUDE_IN_FRAMEWORK_HEADER = YES;
				CLANG_WARN_RANGE_LOOP_ANALYSIS = YES;
				CLANG_WARN_STRICT_PROTOTYPES = YES;
				CLANG_WARN_SUSPICIOUS_MOVE = YES;
				CLANG_WARN_UNGUARDED_AVAILABILITY = YES_AGGRESSIVE;
				CLANG_WARN_UNREACHABLE_CODE = YES;
				CLANG_WARN__DUPLICATE_METHOD_MATCH = YES;
				COPY_PHASE_STRIP = NO;
				DEBUG_INFORMATION_FORMAT = dwarf;
				ENABLE_STRICT_OBJC_MSGSEND = YES;
				ENABLE_TESTABILITY = YES;
				GCC_C_LANGUAGE_STANDARD = gnu11;
				GCC_DYNAMIC_NO_PIC = NO;
				GCC_NO_COMMON_BLOCKS = YES;
				GCC_OPTIMIZATION_LEVEL = 0;
				GCC_PREPROCESSOR_DEFINITIONS = (
					"DEBUG=1",
					"$(inherited)",
				);
				GCC_WARN_64_TO_32_BIT_CONVERSION = YES;
				GCC_WARN_ABOUT_RETURN_TYPE = YES_ERROR;
				GCC_WARN_UNDECLARED_SELECTOR = YES;
				GCC_WARN_UNINITIALIZED_AUTOS = YES_AGGRESSIVE;
				GCC_WARN_UNUSED_FUNCTION = YES;
				GCC_WARN_UNUSED_VARIABLE = YES;
				IPHONEOS_DEPLOYMENT_TARGET = 15.4;
				MTL_ENABLE_DEBUG_INFO = INCLUDE_SOURCE;
				MTL_FAST_MATH = YES;
				ONLY_ACTIVE_ARCH = YES;
				SDKROOT = iphoneos;
				SWIFT_ACTIVE_COMPILATION_CONDITIONS = DEBUG;
				SWIFT_OPTIMIZATION_LEVEL = "-Onone";
			};
			name = Debug;
		};
		59C5F8072820763C0017E7A6 /* Release */ = {
			isa = XCBuildConfiguration;
			buildSettings = {
				ALWAYS_SEARCH_USER_PATHS = NO;
				CLANG_ANALYZER_NONNULL = YES;
				CLANG_ANALYZER_NUMBER_OBJECT_CONVERSION = YES_AGGRESSIVE;
				CLANG_CXX_LANGUAGE_STANDARD = "gnu++17";
				CLANG_ENABLE_MODULES = YES;
				CLANG_ENABLE_OBJC_ARC = YES;
				CLANG_ENABLE_OBJC_WEAK = YES;
				CLANG_WARN_BLOCK_CAPTURE_AUTORELEASING = YES;
				CLANG_WARN_BOOL_CONVERSION = YES;
				CLANG_WARN_COMMA = YES;
				CLANG_WARN_CONSTANT_CONVERSION = YES;
				CLANG_WARN_DEPRECATED_OBJC_IMPLEMENTATIONS = YES;
				CLANG_WARN_DIRECT_OBJC_ISA_USAGE = YES_ERROR;
				CLANG_WARN_DOCUMENTATION_COMMENTS = YES;
				CLANG_WARN_EMPTY_BODY = YES;
				CLANG_WARN_ENUM_CONVERSION = YES;
				CLANG_WARN_INFINITE_RECURSION = YES;
				CLANG_WARN_INT_CONVERSION = YES;
				CLANG_WARN_NON_LITERAL_NULL_CONVERSION = YES;
				CLANG_WARN_OBJC_IMPLICIT_RETAIN_SELF = YES;
				CLANG_WARN_OBJC_LITERAL_CONVERSION = YES;
				CLANG_WARN_OBJC_ROOT_CLASS = YES_ERROR;
				CLANG_WARN_QUOTED_INCLUDE_IN_FRAMEWORK_HEADER = YES;
				CLANG_WARN_RANGE_LOOP_ANALYSIS = YES;
				CLANG_WARN_STRICT_PROTOTYPES = YES;
				CLANG_WARN_SUSPICIOUS_MOVE = YES;
				CLANG_WARN_UNGUARDED_AVAILABILITY = YES_AGGRESSIVE;
				CLANG_WARN_UNREACHABLE_CODE = YES;
				CLANG_WARN__DUPLICATE_METHOD_MATCH = YES;
				COPY_PHASE_STRIP = NO;
				DEBUG_INFORMATION_FORMAT = "dwarf-with-dsym";
				ENABLE_NS_ASSERTIONS = NO;
				ENABLE_STRICT_OBJC_MSGSEND = YES;
				GCC_C_LANGUAGE_STANDARD = gnu11;
				GCC_NO_COMMON_BLOCKS = YES;
				GCC_WARN_64_TO_32_BIT_CONVERSION = YES;
				GCC_WARN_ABOUT_RETURN_TYPE = YES_ERROR;
				GCC_WARN_UNDECLARED_SELECTOR = YES;
				GCC_WARN_UNINITIALIZED_AUTOS = YES_AGGRESSIVE;
				GCC_WARN_UNUSED_FUNCTION = YES;
				GCC_WARN_UNUSED_VARIABLE = YES;
				IPHONEOS_DEPLOYMENT_TARGET = 15.4;
				MTL_ENABLE_DEBUG_INFO = NO;
				MTL_FAST_MATH = YES;
				SDKROOT = iphoneos;
				SWIFT_COMPILATION_MODE = wholemodule;
				SWIFT_OPTIMIZATION_LEVEL = "-O";
				VALIDATE_PRODUCT = YES;
			};
			name = Release;
		};
		59C5F8092820763C0017E7A6 /* Debug */ = {
			isa = XCBuildConfiguration;
			baseConfigurationReference = DFFC024D267E1C836E16EC69 /* Pods-Thought.debug.xcconfig */;
			buildSettings = {
				ASSETCATALOG_COMPILER_APPICON_NAME = AppIcon;
				ASSETCATALOG_COMPILER_GLOBAL_ACCENT_COLOR_NAME = AccentColor;
				CODE_SIGN_STYLE = Automatic;
				CURRENT_PROJECT_VERSION = 1;
				DEVELOPMENT_TEAM = FBS9UU5RNR;
				GENERATE_INFOPLIST_FILE = YES;
				INFOPLIST_FILE = Thought/Info.plist;
				INFOPLIST_KEY_UIApplicationSupportsIndirectInputEvents = YES;
				INFOPLIST_KEY_UILaunchStoryboardName = LaunchScreen;
				INFOPLIST_KEY_UIMainStoryboardFile = Main;
				INFOPLIST_KEY_UISupportedInterfaceOrientations_iPad = "UIInterfaceOrientationPortrait UIInterfaceOrientationPortraitUpsideDown UIInterfaceOrientationLandscapeLeft UIInterfaceOrientationLandscapeRight";
				INFOPLIST_KEY_UISupportedInterfaceOrientations_iPhone = "UIInterfaceOrientationPortrait UIInterfaceOrientationLandscapeLeft UIInterfaceOrientationLandscapeRight";
				LD_RUNPATH_SEARCH_PATHS = (
					"$(inherited)",
					"@executable_path/Frameworks",
				);
				MARKETING_VERSION = 1.0;
				PRODUCT_BUNDLE_IDENTIFIER = com.app.Thought;
				PRODUCT_NAME = "$(TARGET_NAME)";
				SWIFT_EMIT_LOC_STRINGS = YES;
				SWIFT_VERSION = 5.0;
				TARGETED_DEVICE_FAMILY = "1,2";
			};
			name = Debug;
		};
		59C5F80A2820763C0017E7A6 /* Release */ = {
			isa = XCBuildConfiguration;
			baseConfigurationReference = D842D8650156D2C6F61A5D23 /* Pods-Thought.release.xcconfig */;
			buildSettings = {
				ASSETCATALOG_COMPILER_APPICON_NAME = AppIcon;
				ASSETCATALOG_COMPILER_GLOBAL_ACCENT_COLOR_NAME = AccentColor;
				CODE_SIGN_STYLE = Automatic;
				CURRENT_PROJECT_VERSION = 1;
				DEVELOPMENT_TEAM = FBS9UU5RNR;
				GENERATE_INFOPLIST_FILE = YES;
				INFOPLIST_FILE = Thought/Info.plist;
				INFOPLIST_KEY_UIApplicationSupportsIndirectInputEvents = YES;
				INFOPLIST_KEY_UILaunchStoryboardName = LaunchScreen;
				INFOPLIST_KEY_UIMainStoryboardFile = Main;
				INFOPLIST_KEY_UISupportedInterfaceOrientations_iPad = "UIInterfaceOrientationPortrait UIInterfaceOrientationPortraitUpsideDown UIInterfaceOrientationLandscapeLeft UIInterfaceOrientationLandscapeRight";
				INFOPLIST_KEY_UISupportedInterfaceOrientations_iPhone = "UIInterfaceOrientationPortrait UIInterfaceOrientationLandscapeLeft UIInterfaceOrientationLandscapeRight";
				LD_RUNPATH_SEARCH_PATHS = (
					"$(inherited)",
					"@executable_path/Frameworks",
				);
				MARKETING_VERSION = 1.0;
				PRODUCT_BUNDLE_IDENTIFIER = com.app.Thought;
				PRODUCT_NAME = "$(TARGET_NAME)";
				SWIFT_EMIT_LOC_STRINGS = YES;
				SWIFT_VERSION = 5.0;
				TARGETED_DEVICE_FAMILY = "1,2";
			};
			name = Release;
		};
		59C5F80C2820763C0017E7A6 /* Debug */ = {
			isa = XCBuildConfiguration;
			baseConfigurationReference = 8DA59FD8EF817813F251583A /* Pods-ThoughtTests.debug.xcconfig */;
			buildSettings = {
				ALWAYS_EMBED_SWIFT_STANDARD_LIBRARIES = YES;
				BUNDLE_LOADER = "$(TEST_HOST)";
				CODE_SIGN_STYLE = Automatic;
				CURRENT_PROJECT_VERSION = 1;
				DEVELOPMENT_TEAM = FBS9UU5RNR;
				GENERATE_INFOPLIST_FILE = YES;
				IPHONEOS_DEPLOYMENT_TARGET = 15.4;
				MARKETING_VERSION = 1.0;
				PRODUCT_BUNDLE_IDENTIFIER = com.app.ThoughtTests;
				PRODUCT_NAME = "$(TARGET_NAME)";
				SWIFT_EMIT_LOC_STRINGS = NO;
				SWIFT_VERSION = 5.0;
				TARGETED_DEVICE_FAMILY = "1,2";
				TEST_HOST = "$(BUILT_PRODUCTS_DIR)/Thought.app/Thought";
			};
			name = Debug;
		};
		59C5F80D2820763C0017E7A6 /* Release */ = {
			isa = XCBuildConfiguration;
			baseConfigurationReference = 55A30BF59F0340C8608CB3EE /* Pods-ThoughtTests.release.xcconfig */;
			buildSettings = {
				ALWAYS_EMBED_SWIFT_STANDARD_LIBRARIES = YES;
				BUNDLE_LOADER = "$(TEST_HOST)";
				CODE_SIGN_STYLE = Automatic;
				CURRENT_PROJECT_VERSION = 1;
				DEVELOPMENT_TEAM = FBS9UU5RNR;
				GENERATE_INFOPLIST_FILE = YES;
				IPHONEOS_DEPLOYMENT_TARGET = 15.4;
				MARKETING_VERSION = 1.0;
				PRODUCT_BUNDLE_IDENTIFIER = com.app.ThoughtTests;
				PRODUCT_NAME = "$(TARGET_NAME)";
				SWIFT_EMIT_LOC_STRINGS = NO;
				SWIFT_VERSION = 5.0;
				TARGETED_DEVICE_FAMILY = "1,2";
				TEST_HOST = "$(BUILT_PRODUCTS_DIR)/Thought.app/Thought";
			};
			name = Release;
		};
		59C5F80F2820763C0017E7A6 /* Debug */ = {
			isa = XCBuildConfiguration;
			baseConfigurationReference = 7A0AE1D9648B5D499ABBD671 /* Pods-Thought-ThoughtUITests.debug.xcconfig */;
			buildSettings = {
				ALWAYS_EMBED_SWIFT_STANDARD_LIBRARIES = YES;
				CODE_SIGN_STYLE = Automatic;
				CURRENT_PROJECT_VERSION = 1;
				DEVELOPMENT_TEAM = FBS9UU5RNR;
				GENERATE_INFOPLIST_FILE = YES;
				MARKETING_VERSION = 1.0;
				PRODUCT_BUNDLE_IDENTIFIER = com.app.ThoughtUITests;
				PRODUCT_NAME = "$(TARGET_NAME)";
				SWIFT_EMIT_LOC_STRINGS = NO;
				SWIFT_VERSION = 5.0;
				TARGETED_DEVICE_FAMILY = "1,2";
				TEST_TARGET_NAME = Thought;
			};
			name = Debug;
		};
		59C5F8102820763C0017E7A6 /* Release */ = {
			isa = XCBuildConfiguration;
			baseConfigurationReference = B065F4B6AAC95DE23A0EED63 /* Pods-Thought-ThoughtUITests.release.xcconfig */;
			buildSettings = {
				ALWAYS_EMBED_SWIFT_STANDARD_LIBRARIES = YES;
				CODE_SIGN_STYLE = Automatic;
				CURRENT_PROJECT_VERSION = 1;
				DEVELOPMENT_TEAM = FBS9UU5RNR;
				GENERATE_INFOPLIST_FILE = YES;
				MARKETING_VERSION = 1.0;
				PRODUCT_BUNDLE_IDENTIFIER = com.app.ThoughtUITests;
				PRODUCT_NAME = "$(TARGET_NAME)";
				SWIFT_EMIT_LOC_STRINGS = NO;
				SWIFT_VERSION = 5.0;
				TARGETED_DEVICE_FAMILY = "1,2";
				TEST_TARGET_NAME = Thought;
			};
			name = Release;
		};
/* End XCBuildConfiguration section */

/* Begin XCConfigurationList section */
		59C5F7D62820763A0017E7A6 /* Build configuration list for PBXProject "Thought" */ = {
			isa = XCConfigurationList;
			buildConfigurations = (
				59C5F8062820763C0017E7A6 /* Debug */,
				59C5F8072820763C0017E7A6 /* Release */,
			);
			defaultConfigurationIsVisible = 0;
			defaultConfigurationName = Release;
		};
		59C5F8082820763C0017E7A6 /* Build configuration list for PBXNativeTarget "Thought" */ = {
			isa = XCConfigurationList;
			buildConfigurations = (
				59C5F8092820763C0017E7A6 /* Debug */,
				59C5F80A2820763C0017E7A6 /* Release */,
			);
			defaultConfigurationIsVisible = 0;
			defaultConfigurationName = Release;
		};
		59C5F80B2820763C0017E7A6 /* Build configuration list for PBXNativeTarget "ThoughtTests" */ = {
			isa = XCConfigurationList;
			buildConfigurations = (
				59C5F80C2820763C0017E7A6 /* Debug */,
				59C5F80D2820763C0017E7A6 /* Release */,
			);
			defaultConfigurationIsVisible = 0;
			defaultConfigurationName = Release;
		};
		59C5F80E2820763C0017E7A6 /* Build configuration list for PBXNativeTarget "ThoughtUITests" */ = {
			isa = XCConfigurationList;
			buildConfigurations = (
				59C5F80F2820763C0017E7A6 /* Debug */,
				59C5F8102820763C0017E7A6 /* Release */,
			);
			defaultConfigurationIsVisible = 0;
			defaultConfigurationName = Release;
		};
/* End XCConfigurationList section */

/* Begin XCVersionGroup section */
		59C5F7E72820763A0017E7A6 /* Thought.xcdatamodeld */ = {
			isa = XCVersionGroup;
			children = (
				59C5F7E82820763A0017E7A6 /* Thought.xcdatamodel */,
			);
			currentVersion = 59C5F7E82820763A0017E7A6 /* Thought.xcdatamodel */;
			path = Thought.xcdatamodeld;
			sourceTree = "<group>";
			versionGroupType = wrapper.xcdatamodel;
		};
/* End XCVersionGroup section */
	};
	rootObject = 59C5F7D32820763A0017E7A6 /* Project object */;
}
